
Microsoft Visual Studio Solution File, Format Version 12.00
# Visual Studio Version 17
VisualStudioVersion = 17.5.33516.290
MinimumVisualStudioVersion = 10.0.40219.1
Project("{8BC9CEB8-8B4A-11D0-8D11-00A0C91BC942}") = "DataStruct11_02", "DataStruct11_02\DataStruct11_02.vcxproj", "{B672EE5A-91EC-45CB-BBE6-057A7FF4E550}"
EndProject
Global
	GlobalSection(SolutionConfigurationPlatforms) = preSolution
		Debug|x64 = Debug|x64
		Debug|x86 = Debug|x86
		Release|x64 = Release|x64
		Release|x86 = Release|x86
	EndGlobalSection
	GlobalSection(ProjectConfigurationPlatforms) = postSolution
		{B672EE5A-91EC-45CB-BBE6-057A7FF4E550}.Debug|x64.ActiveCfg = Debug|x64
		{B672EE5A-91EC-45CB-BBE6-057A7FF4E550}.Debug|x64.Build.0 = Debug|x64
		{B672EE5A-91EC-45CB-BBE6-057A7FF4E550}.Debug|x86.ActiveCfg = Debug|Win32
		{B672EE5A-91EC-45CB-BBE6-057A7FF4E550}.Debug|x86.Build.0 = Debug|Win32
		{B672EE5A-91EC-45CB-BBE6-057A7FF4E550}.Release|x64.ActiveCfg = Release|x64
		{B672EE5A-91EC-45CB-BBE6-057A7FF4E550}.Release|x64.Build.0 = Release|x64
		{B672EE5A-91EC-45CB-BBE6-057A7FF4E550}.Release|x86.ActiveCfg = Release|Win32
		{B672EE5A-91EC-45CB-BBE6-057A7FF4E550}.Release|x86.Build.0 = Release|Win32
	EndGlobalSection
	GlobalSection(SolutionProperties) = preSolution
		HideSolutionNode = FALSE
	EndGlobalSection
	GlobalSection(ExtensibilityGlobals) = postSolution
		SolutionGuid = {2CCB0CF8-10CB-4952-A26B-7564A314881A}
	EndGlobalSection
EndGlobal
